// !$*UTF8*$!
{
	archiveVersion = 1;
	classes = {
	};
	objectVersion = 46;
	objects = {

/* Begin PBXBuildFile section */
		45115BA41DA8E73900559097 /* Alamofire.framework in Frameworks */ = {isa = PBXBuildFile; fileRef = 45115BA21DA8E73900559097 /* Alamofire.framework */; };
		45115BA51DA8E73900559097 /* RxCocoa.framework in Frameworks */ = {isa = PBXBuildFile; fileRef = 45115BA31DA8E73900559097 /* RxCocoa.framework */; };
		45115BB31DA8E88600559097 /* RxAlamofire.swift in Sources */ = {isa = PBXBuildFile; fileRef = 45DDCF6A1DA8E1E8009091A6 /* RxAlamofire.swift */; };
		45115BB41DA8E88B00559097 /* NSURLSession+RxAlamofire.swift in Sources */ = {isa = PBXBuildFile; fileRef = 45DDCF681DA8E1E8009091A6 /* NSURLSession+RxAlamofire.swift */; };
		45115BB51DA8E89500559097 /* RxAlamofire.h in Headers */ = {isa = PBXBuildFile; fileRef = 45DDCF691DA8E1E8009091A6 /* RxAlamofire.h */; settings = {ATTRIBUTES = (Public, ); }; };
		45115BB81DA8E90300559097 /* Alamofire.framework in Frameworks */ = {isa = PBXBuildFile; fileRef = 45115BB61DA8E90300559097 /* Alamofire.framework */; };
		45115BB91DA8E90300559097 /* RxCocoa.framework in Frameworks */ = {isa = PBXBuildFile; fileRef = 45115BB71DA8E90300559097 /* RxCocoa.framework */; };
		45DDCF6B1DA8E1E8009091A6 /* NSURLSession+RxAlamofire.swift in Sources */ = {isa = PBXBuildFile; fileRef = 45DDCF681DA8E1E8009091A6 /* NSURLSession+RxAlamofire.swift */; };
		45DDCF6C1DA8E1E8009091A6 /* RxAlamofire.h in Headers */ = {isa = PBXBuildFile; fileRef = 45DDCF691DA8E1E8009091A6 /* RxAlamofire.h */; settings = {ATTRIBUTES = (Public, ); }; };
		45DDCF6D1DA8E1E8009091A6 /* RxAlamofire.swift in Sources */ = {isa = PBXBuildFile; fileRef = 45DDCF6A1DA8E1E8009091A6 /* RxAlamofire.swift */; };
/* End PBXBuildFile section */

/* Begin PBXFileReference section */
		45115BA21DA8E73900559097 /* Alamofire.framework */ = {isa = PBXFileReference; lastKnownFileType = wrapper.framework; name = Alamofire.framework; path = Carthage/Build/iOS/Alamofire.framework; sourceTree = "<group>"; };
		45115BA31DA8E73900559097 /* RxCocoa.framework */ = {isa = PBXFileReference; lastKnownFileType = wrapper.framework; name = RxCocoa.framework; path = Carthage/Build/iOS/RxCocoa.framework; sourceTree = "<group>"; };
		45115BAB1DA8E84100559097 /* RxAlamofire.framework */ = {isa = PBXFileReference; explicitFileType = wrapper.framework; includeInIndex = 0; path = RxAlamofire.framework; sourceTree = BUILT_PRODUCTS_DIR; };
		45115BAE1DA8E84100559097 /* Info.plist */ = {isa = PBXFileReference; lastKnownFileType = text.plist.xml; path = Info.plist; sourceTree = "<group>"; };
		45115BB61DA8E90300559097 /* Alamofire.framework */ = {isa = PBXFileReference; lastKnownFileType = wrapper.framework; name = Alamofire.framework; path = Carthage/Build/tvOS/Alamofire.framework; sourceTree = "<group>"; };
		45115BB71DA8E90300559097 /* RxCocoa.framework */ = {isa = PBXFileReference; lastKnownFileType = wrapper.framework; name = RxCocoa.framework; path = Carthage/Build/tvOS/RxCocoa.framework; sourceTree = "<group>"; };
		45DDCF5C1DA8E1B1009091A6 /* RxAlamofire.framework */ = {isa = PBXFileReference; explicitFileType = wrapper.framework; includeInIndex = 0; path = RxAlamofire.framework; sourceTree = BUILT_PRODUCTS_DIR; };
		45DDCF5F1DA8E1B1009091A6 /* Info.plist */ = {isa = PBXFileReference; lastKnownFileType = text.plist.xml; path = Info.plist; sourceTree = "<group>"; };
		45DDCF681DA8E1E8009091A6 /* NSURLSession+RxAlamofire.swift */ = {isa = PBXFileReference; fileEncoding = 4; lastKnownFileType = sourcecode.swift; path = "NSURLSession+RxAlamofire.swift"; sourceTree = "<group>"; };
		45DDCF691DA8E1E8009091A6 /* RxAlamofire.h */ = {isa = PBXFileReference; fileEncoding = 4; lastKnownFileType = sourcecode.c.h; path = RxAlamofire.h; sourceTree = "<group>"; };
		45DDCF6A1DA8E1E8009091A6 /* RxAlamofire.swift */ = {isa = PBXFileReference; fileEncoding = 4; lastKnownFileType = sourcecode.swift; path = RxAlamofire.swift; sourceTree = "<group>"; };
/* End PBXFileReference section */

/* Begin PBXFrameworksBuildPhase section */
		45115BA71DA8E84100559097 /* Frameworks */ = {
			isa = PBXFrameworksBuildPhase;
			buildActionMask = 2147483647;
			files = (
				45115BB81DA8E90300559097 /* Alamofire.framework in Frameworks */,
				45115BB91DA8E90300559097 /* RxCocoa.framework in Frameworks */,
			);
			runOnlyForDeploymentPostprocessing = 0;
		};
		45DDCF581DA8E1B1009091A6 /* Frameworks */ = {
			isa = PBXFrameworksBuildPhase;
			buildActionMask = 2147483647;
			files = (
				45115BA41DA8E73900559097 /* Alamofire.framework in Frameworks */,
				45115BA51DA8E73900559097 /* RxCocoa.framework in Frameworks */,
			);
			runOnlyForDeploymentPostprocessing = 0;
		};
/* End PBXFrameworksBuildPhase section */

/* Begin PBXGroup section */
		45115BA11DA8E73900559097 /* Frameworks */ = {
			isa = PBXGroup;
			children = (
				45115BB61DA8E90300559097 /* Alamofire.framework */,
				45115BB71DA8E90300559097 /* RxCocoa.framework */,
				45115BA21DA8E73900559097 /* Alamofire.framework */,
				45115BA31DA8E73900559097 /* RxCocoa.framework */,
			);
			name = Frameworks;
			sourceTree = "<group>";
		};
		45115BAC1DA8E84100559097 /* RxAlamofire-tvOS */ = {
			isa = PBXGroup;
			children = (
				45115BAE1DA8E84100559097 /* Info.plist */,
			);
			path = "RxAlamofire-tvOS";
			sourceTree = "<group>";
		};
		456AD9611DA8E1670055D5F3 = {
			isa = PBXGroup;
			children = (
				45DDCF661DA8E1E8009091A6 /* Sources */,
				45DDCF5D1DA8E1B1009091A6 /* RxAlamofire-iOS */,
				45115BAC1DA8E84100559097 /* RxAlamofire-tvOS */,
				456AD96C1DA8E1670055D5F3 /* Products */,
				45115BA11DA8E73900559097 /* Frameworks */,
			);
			sourceTree = "<group>";
		};
		456AD96C1DA8E1670055D5F3 /* Products */ = {
			isa = PBXGroup;
			children = (
				45DDCF5C1DA8E1B1009091A6 /* RxAlamofire.framework */,
				45115BAB1DA8E84100559097 /* RxAlamofire.framework */,
			);
			name = Products;
			sourceTree = "<group>";
		};
		45DDCF5D1DA8E1B1009091A6 /* RxAlamofire-iOS */ = {
			isa = PBXGroup;
			children = (
				45DDCF5F1DA8E1B1009091A6 /* Info.plist */,
			);
			path = "RxAlamofire-iOS";
			sourceTree = "<group>";
		};
		45DDCF661DA8E1E8009091A6 /* Sources */ = {
			isa = PBXGroup;
			children = (
				45DDCF671DA8E1E8009091A6 /* Cocoa */,
				45DDCF691DA8E1E8009091A6 /* RxAlamofire.h */,
				45DDCF6A1DA8E1E8009091A6 /* RxAlamofire.swift */,
			);
			path = Sources;
			sourceTree = "<group>";
		};
		45DDCF671DA8E1E8009091A6 /* Cocoa */ = {
			isa = PBXGroup;
			children = (
				45DDCF681DA8E1E8009091A6 /* NSURLSession+RxAlamofire.swift */,
			);
			path = Cocoa;
			sourceTree = "<group>";
		};
/* End PBXGroup section */

/* Begin PBXHeadersBuildPhase section */
		45115BA81DA8E84100559097 /* Headers */ = {
			isa = PBXHeadersBuildPhase;
			buildActionMask = 2147483647;
			files = (
				45115BB51DA8E89500559097 /* RxAlamofire.h in Headers */,
			);
			runOnlyForDeploymentPostprocessing = 0;
		};
		45DDCF591DA8E1B1009091A6 /* Headers */ = {
			isa = PBXHeadersBuildPhase;
			buildActionMask = 2147483647;
			files = (
				45DDCF6C1DA8E1E8009091A6 /* RxAlamofire.h in Headers */,
			);
			runOnlyForDeploymentPostprocessing = 0;
		};
/* End PBXHeadersBuildPhase section */

/* Begin PBXNativeTarget section */
		45115BAA1DA8E84100559097 /* RxAlamofire-tvOS */ = {
			isa = PBXNativeTarget;
			buildConfigurationList = 45115BB01DA8E84100559097 /* Build configuration list for PBXNativeTarget "RxAlamofire-tvOS" */;
			buildPhases = (
				45115BA61DA8E84100559097 /* Sources */,
				45115BA71DA8E84100559097 /* Frameworks */,
				45115BA81DA8E84100559097 /* Headers */,
				45115BA91DA8E84100559097 /* Resources */,
			);
			buildRules = (
			);
			dependencies = (
			);
			name = "RxAlamofire-tvOS";
			productName = "RxAlamofire-tvOS";
			productReference = 45115BAB1DA8E84100559097 /* RxAlamofire.framework */;
			productType = "com.apple.product-type.framework";
		};
		45DDCF5B1DA8E1B1009091A6 /* RxAlamofire-iOS */ = {
			isa = PBXNativeTarget;
			buildConfigurationList = 45DDCF611DA8E1B1009091A6 /* Build configuration list for PBXNativeTarget "RxAlamofire-iOS" */;
			buildPhases = (
				45DDCF571DA8E1B1009091A6 /* Sources */,
				45DDCF581DA8E1B1009091A6 /* Frameworks */,
				45DDCF591DA8E1B1009091A6 /* Headers */,
				45DDCF5A1DA8E1B1009091A6 /* Resources */,
			);
			buildRules = (
			);
			dependencies = (
			);
			name = "RxAlamofire-iOS";
			productName = "RxAlamofire-iOS";
			productReference = 45DDCF5C1DA8E1B1009091A6 /* RxAlamofire.framework */;
			productType = "com.apple.product-type.framework";
		};
/* End PBXNativeTarget section */

/* Begin PBXProject section */
		456AD9621DA8E1670055D5F3 /* Project object */ = {
			isa = PBXProject;
			attributes = {
				LastUpgradeCheck = 0800;
				ORGANIZATIONNAME = RxSwiftCommunity;
				TargetAttributes = {
					45115BAA1DA8E84100559097 = {
						CreatedOnToolsVersion = 8.0;
						ProvisioningStyle = Automatic;
					};
					45DDCF5B1DA8E1B1009091A6 = {
						CreatedOnToolsVersion = 8.0;
						ProvisioningStyle = Automatic;
					};
				};
			};
			buildConfigurationList = 456AD9651DA8E1670055D5F3 /* Build configuration list for PBXProject "_" */;
			compatibilityVersion = "Xcode 3.2";
			developmentRegion = English;
			hasScannedForEncodings = 0;
			knownRegions = (
				en,
			);
			mainGroup = 456AD9611DA8E1670055D5F3;
			productRefGroup = 456AD96C1DA8E1670055D5F3 /* Products */;
			projectDirPath = "";
			projectRoot = "";
			targets = (
				45DDCF5B1DA8E1B1009091A6 /* RxAlamofire-iOS */,
				45115BAA1DA8E84100559097 /* RxAlamofire-tvOS */,
			);
		};
/* End PBXProject section */

/* Begin PBXResourcesBuildPhase section */
		45115BA91DA8E84100559097 /* Resources */ = {
			isa = PBXResourcesBuildPhase;
			buildActionMask = 2147483647;
			files = (
			);
			runOnlyForDeploymentPostprocessing = 0;
		};
		45DDCF5A1DA8E1B1009091A6 /* Resources */ = {
			isa = PBXResourcesBuildPhase;
			buildActionMask = 2147483647;
			files = (
			);
			runOnlyForDeploymentPostprocessing = 0;
		};
/* End PBXResourcesBuildPhase section */

/* Begin PBXSourcesBuildPhase section */
		45115BA61DA8E84100559097 /* Sources */ = {
			isa = PBXSourcesBuildPhase;
			buildActionMask = 2147483647;
			files = (
				45115BB41DA8E88B00559097 /* NSURLSession+RxAlamofire.swift in Sources */,
				45115BB31DA8E88600559097 /* RxAlamofire.swift in Sources */,
			);
			runOnlyForDeploymentPostprocessing = 0;
		};
		45DDCF571DA8E1B1009091A6 /* Sources */ = {
			isa = PBXSourcesBuildPhase;
			buildActionMask = 2147483647;
			files = (
				45DDCF6D1DA8E1E8009091A6 /* RxAlamofire.swift in Sources */,
				45DDCF6B1DA8E1E8009091A6 /* NSURLSession+RxAlamofire.swift in Sources */,
			);
			runOnlyForDeploymentPostprocessing = 0;
		};
/* End PBXSourcesBuildPhase section */

/* Begin XCBuildConfiguration section */
		45115BB11DA8E84100559097 /* Debug */ = {
			isa = XCBuildConfiguration;
			buildSettings = {
				APPLICATION_EXTENSION_API_ONLY = YES;
				CODE_SIGN_IDENTITY = "";
				DEFINES_MODULE = YES;
				DYLIB_COMPATIBILITY_VERSION = 1;
				DYLIB_CURRENT_VERSION = 1;
				DYLIB_INSTALL_NAME_BASE = "@rpath";
				FRAMEWORK_SEARCH_PATHS = (
					"$(inherited)",
					"$(PROJECT_DIR)/Carthage/Build/tvOS",
				);
				INFOPLIST_FILE = "RxAlamofire-tvOS/Info.plist";
				INSTALL_PATH = "$(LOCAL_LIBRARY_DIR)/Frameworks";
				LD_RUNPATH_SEARCH_PATHS = "$(inherited) @executable_path/Frameworks @loader_path/Frameworks";
				PRODUCT_BUNDLE_IDENTIFIER = "RxSwiftCommunity.RxAlamofire.RxAlamofire-tvOS";
				PRODUCT_NAME = RxAlamofire;
				SDKROOT = appletvos;
				SKIP_INSTALL = YES;
				SWIFT_VERSION = 3.0;
				TARGETED_DEVICE_FAMILY = 3;
				TVOS_DEPLOYMENT_TARGET = 9.0;
			};
			name = Debug;
		};
		45115BB21DA8E84100559097 /* Release */ = {
			isa = XCBuildConfiguration;
			buildSettings = {
				APPLICATION_EXTENSION_API_ONLY = YES;
				CODE_SIGN_IDENTITY = "";
				DEFINES_MODULE = YES;
				DYLIB_COMPATIBILITY_VERSION = 1;
				DYLIB_CURRENT_VERSION = 1;
				DYLIB_INSTALL_NAME_BASE = "@rpath";
				FRAMEWORK_SEARCH_PATHS = (
					"$(inherited)",
					"$(PROJECT_DIR)/Carthage/Build/tvOS",
				);
				INFOPLIST_FILE = "RxAlamofire-tvOS/Info.plist";
				INSTALL_PATH = "$(LOCAL_LIBRARY_DIR)/Frameworks";
				LD_RUNPATH_SEARCH_PATHS = "$(inherited) @executable_path/Frameworks @loader_path/Frameworks";
				PRODUCT_BUNDLE_IDENTIFIER = "RxSwiftCommunity.RxAlamofire.RxAlamofire-tvOS";
				PRODUCT_NAME = RxAlamofire;
				SDKROOT = appletvos;
				SKIP_INSTALL = YES;
				SWIFT_VERSION = 3.0;
				TARGETED_DEVICE_FAMILY = 3;
				TVOS_DEPLOYMENT_TARGET = 9.0;
			};
			name = Release;
		};
		456AD9711DA8E1670055D5F3 /* Debug */ = {
			isa = XCBuildConfiguration;
			buildSettings = {
				ALWAYS_SEARCH_USER_PATHS = NO;
				CLANG_ANALYZER_NONNULL = YES;
				CLANG_CXX_LANGUAGE_STANDARD = "gnu++0x";
				CLANG_CXX_LIBRARY = "libc++";
				CLANG_ENABLE_MODULES = YES;
				CLANG_ENABLE_OBJC_ARC = YES;
				CLANG_WARN_BOOL_CONVERSION = YES;
				CLANG_WARN_CONSTANT_CONVERSION = YES;
				CLANG_WARN_DIRECT_OBJC_ISA_USAGE = YES_ERROR;
				CLANG_WARN_DOCUMENTATION_COMMENTS = YES;
				CLANG_WARN_EMPTY_BODY = YES;
				CLANG_WARN_ENUM_CONVERSION = YES;
				CLANG_WARN_INFINITE_RECURSION = YES;
				CLANG_WARN_INT_CONVERSION = YES;
				CLANG_WARN_OBJC_ROOT_CLASS = YES_ERROR;
				CLANG_WARN_SUSPICIOUS_MOVES = YES;
				CLANG_WARN_UNREACHABLE_CODE = YES;
				CLANG_WARN__DUPLICATE_METHOD_MATCH = YES;
				"CODE_SIGN_IDENTITY[sdk=iphoneos*]" = "iPhone Developer";
				COPY_PHASE_STRIP = NO;
				CURRENT_PROJECT_VERSION = 1;
				DEBUG_INFORMATION_FORMAT = dwarf;
				ENABLE_STRICT_OBJC_MSGSEND = YES;
				ENABLE_TESTABILITY = YES;
				GCC_C_LANGUAGE_STANDARD = gnu99;
				GCC_DYNAMIC_NO_PIC = NO;
				GCC_NO_COMMON_BLOCKS = YES;
				GCC_OPTIMIZATION_LEVEL = 0;
				GCC_PREPROCESSOR_DEFINITIONS = (
					"DEBUG=1",
					"$(inherited)",
				);
				GCC_WARN_64_TO_32_BIT_CONVERSION = YES;
				GCC_WARN_ABOUT_RETURN_TYPE = YES_ERROR;
				GCC_WARN_UNDECLARED_SELECTOR = YES;
				GCC_WARN_UNINITIALIZED_AUTOS = YES_AGGRESSIVE;
				GCC_WARN_UNUSED_FUNCTION = YES;
				GCC_WARN_UNUSED_VARIABLE = YES;
				IPHONEOS_DEPLOYMENT_TARGET = 9.0;
				MTL_ENABLE_DEBUG_INFO = YES;
				ONLY_ACTIVE_ARCH = YES;
				SDKROOT = iphoneos;
				SWIFT_ACTIVE_COMPILATION_CONDITIONS = DEBUG;
				SWIFT_OPTIMIZATION_LEVEL = "-Onone";
				TARGETED_DEVICE_FAMILY = "1,2";
				VERSIONING_SYSTEM = "apple-generic";
				VERSION_INFO_PREFIX = "";
			};
			name = Debug;
		};
		456AD9721DA8E1670055D5F3 /* Release */ = {
			isa = XCBuildConfiguration;
			buildSettings = {
				ALWAYS_SEARCH_USER_PATHS = NO;
				CLANG_ANALYZER_NONNULL = YES;
				CLANG_CXX_LANGUAGE_STANDARD = "gnu++0x";
				CLANG_CXX_LIBRARY = "libc++";
				CLANG_ENABLE_MODULES = YES;
				CLANG_ENABLE_OBJC_ARC = YES;
				CLANG_WARN_BOOL_CONVERSION = YES;
				CLANG_WARN_CONSTANT_CONVERSION = YES;
				CLANG_WARN_DIRECT_OBJC_ISA_USAGE = YES_ERROR;
				CLANG_WARN_DOCUMENTATION_COMMENTS = YES;
				CLANG_WARN_EMPTY_BODY = YES;
				CLANG_WARN_ENUM_CONVERSION = YES;
				CLANG_WARN_INFINITE_RECURSION = YES;
				CLANG_WARN_INT_CONVERSION = YES;
				CLANG_WARN_OBJC_ROOT_CLASS = YES_ERROR;
				CLANG_WARN_SUSPICIOUS_MOVES = YES;
				CLANG_WARN_UNREACHABLE_CODE = YES;
				CLANG_WARN__DUPLICATE_METHOD_MATCH = YES;
				"CODE_SIGN_IDENTITY[sdk=iphoneos*]" = "iPhone Developer";
				COPY_PHASE_STRIP = NO;
				CURRENT_PROJECT_VERSION = 1;
				DEBUG_INFORMATION_FORMAT = "dwarf-with-dsym";
				ENABLE_NS_ASSERTIONS = NO;
				ENABLE_STRICT_OBJC_MSGSEND = YES;
				GCC_C_LANGUAGE_STANDARD = gnu99;
				GCC_NO_COMMON_BLOCKS = YES;
				GCC_WARN_64_TO_32_BIT_CONVERSION = YES;
				GCC_WARN_ABOUT_RETURN_TYPE = YES_ERROR;
				GCC_WARN_UNDECLARED_SELECTOR = YES;
				GCC_WARN_UNINITIALIZED_AUTOS = YES_AGGRESSIVE;
				GCC_WARN_UNUSED_FUNCTION = YES;
				GCC_WARN_UNUSED_VARIABLE = YES;
				IPHONEOS_DEPLOYMENT_TARGET = 9.0;
				MTL_ENABLE_DEBUG_INFO = NO;
				SDKROOT = iphoneos;
				SWIFT_OPTIMIZATION_LEVEL = "-Owholemodule";
				TARGETED_DEVICE_FAMILY = "1,2";
				VALIDATE_PRODUCT = YES;
				VERSIONING_SYSTEM = "apple-generic";
				VERSION_INFO_PREFIX = "";
			};
			name = Release;
		};
		45DDCF621DA8E1B1009091A6 /* Debug */ = {
			isa = XCBuildConfiguration;
			buildSettings = {
				APPLICATION_EXTENSION_API_ONLY = YES;
				CODE_SIGN_IDENTITY = "";
				DEFINES_MODULE = YES;
				DYLIB_COMPATIBILITY_VERSION = 1;
				DYLIB_CURRENT_VERSION = 1;
				DYLIB_INSTALL_NAME_BASE = "@rpath";
				FRAMEWORK_SEARCH_PATHS = (
					"$(inherited)",
					"$(PROJECT_DIR)/Carthage/Build/iOS",
				);
				INFOPLIST_FILE = "RxAlamofire-iOS/Info.plist";
				INSTALL_PATH = "$(LOCAL_LIBRARY_DIR)/Frameworks";
				IPHONEOS_DEPLOYMENT_TARGET = 9.0;
				LD_RUNPATH_SEARCH_PATHS = "$(inherited) @executable_path/Frameworks @loader_path/Frameworks";
				PRODUCT_BUNDLE_IDENTIFIER = "RxSwiftCommunity.RxAlamofire.RxAlamofire-iOS";
				PRODUCT_NAME = RxAlamofire;
				SKIP_INSTALL = YES;
				SWIFT_VERSION = 3.0;
			};
			name = Debug;
		};
		45DDCF631DA8E1B1009091A6 /* Release */ = {
			isa = XCBuildConfiguration;
			buildSettings = {
				APPLICATION_EXTENSION_API_ONLY = YES;
				CODE_SIGN_IDENTITY = "";
				DEFINES_MODULE = YES;
				DYLIB_COMPATIBILITY_VERSION = 1;
				DYLIB_CURRENT_VERSION = 1;
				DYLIB_INSTALL_NAME_BASE = "@rpath";
				FRAMEWORK_SEARCH_PATHS = (
					"$(inherited)",
					"$(PROJECT_DIR)/Carthage/Build/iOS",
				);
				INFOPLIST_FILE = "RxAlamofire-iOS/Info.plist";
				INSTALL_PATH = "$(LOCAL_LIBRARY_DIR)/Frameworks";
				IPHONEOS_DEPLOYMENT_TARGET = 9.0;
				LD_RUNPATH_SEARCH_PATHS = "$(inherited) @executable_path/Frameworks @loader_path/Frameworks";
				PRODUCT_BUNDLE_IDENTIFIER = "RxSwiftCommunity.RxAlamofire.RxAlamofire-iOS";
				PRODUCT_NAME = RxAlamofire;
				SKIP_INSTALL = YES;
				SWIFT_VERSION = 3.0;
			};
			name = Release;
		};
/* End XCBuildConfiguration section */

/* Begin XCConfigurationList section */
		45115BB01DA8E84100559097 /* Build configuration list for PBXNativeTarget "RxAlamofire-tvOS" */ = {
			isa = XCConfigurationList;
			buildConfigurations = (
				45115BB11DA8E84100559097 /* Debug */,
				45115BB21DA8E84100559097 /* Release */,
			);
			defaultConfigurationIsVisible = 0;
			defaultConfigurationName = Release;
		};
		456AD9651DA8E1670055D5F3 /* Build configuration list for PBXProject "_" */ = {
			isa = XCConfigurationList;
			buildConfigurations = (
				456AD9711DA8E1670055D5F3 /* Debug */,
				456AD9721DA8E1670055D5F3 /* Release */,
			);
			defaultConfigurationIsVisible = 0;
			defaultConfigurationName = Release;
		};
		45DDCF611DA8E1B1009091A6 /* Build configuration list for PBXNativeTarget "RxAlamofire-iOS" */ = {
			isa = XCConfigurationList;
			buildConfigurations = (
				45DDCF621DA8E1B1009091A6 /* Debug */,
				45DDCF631DA8E1B1009091A6 /* Release */,
			);
			defaultConfigurationIsVisible = 0;
			defaultConfigurationName = Release;
		};
/* End XCConfigurationList section */
	};
	rootObject = 456AD9621DA8E1670055D5F3 /* Project object */;
}
